
Microsoft Visual Studio Solution File, Format Version 12.00
# Visual Studio 15
VisualStudioVersion = 15.0.26124.0
MinimumVisualStudioVersion = 15.0.26124.0
Project("{FAE04EC0-301F-11D3-BF4B-00C04F79EFBC}") = "API", "API\API.csproj", "{C7A8535F-244E-4539-9FE8-BCFC5AB7C666}"
EndProject
Project("{FAE04EC0-301F-11D3-BF4B-00C04F79EFBC}") = "Core", "Core\Core.csproj", "{C3A6DC76-4A20-4BB3-948E-C347E78A7B66}"
EndProject
Project("{FAE04EC0-301F-11D3-BF4B-00C04F79EFBC}") = "Infrastructure", "Infrastructure\Infrastructure.csproj", "{83B87090-17D0-4246-92BA-D91606B88E48}"
EndProject
Global
	GlobalSection(SolutionConfigurationPlatforms) = preSolution
		Debug|Any CPU = Debug|Any CPU
		Debug|x64 = Debug|x64
		Debug|x86 = Debug|x86
		Release|Any CPU = Release|Any CPU
		Release|x64 = Release|x64
		Release|x86 = Release|x86
	EndGlobalSection
	GlobalSection(SolutionProperties) = preSolution
		HideSolutionNode = FALSE
	EndGlobalSection
	GlobalSection(ProjectConfigurationPlatforms) = postSolution
		{C7A8535F-244E-4539-9FE8-BCFC5AB7C666}.Debug|Any CPU.ActiveCfg = Debug|Any CPU
		{C7A8535F-244E-4539-9FE8-BCFC5AB7C666}.Debug|Any CPU.Build.0 = Debug|Any CPU
		{C7A8535F-244E-4539-9FE8-BCFC5AB7C666}.Debug|x64.ActiveCfg = Debug|Any CPU
		{C7A8535F-244E-4539-9FE8-BCFC5AB7C666}.Debug|x64.Build.0 = Debug|Any CPU
		{C7A8535F-244E-4539-9FE8-BCFC5AB7C666}.Debug|x86.ActiveCfg = Debug|Any CPU
		{C7A8535F-244E-4539-9FE8-BCFC5AB7C666}.Debug|x86.Build.0 = Debug|Any CPU
		{C7A8535F-244E-4539-9FE8-BCFC5AB7C666}.Release|Any CPU.ActiveCfg = Release|Any CPU
		{C7A8535F-244E-4539-9FE8-BCFC5AB7C666}.Release|Any CPU.Build.0 = Release|Any CPU
		{C7A8535F-244E-4539-9FE8-BCFC5AB7C666}.Release|x64.ActiveCfg = Release|Any CPU
		{C7A8535F-244E-4539-9FE8-BCFC5AB7C666}.Release|x64.Build.0 = Release|Any CPU
		{C7A8535F-244E-4539-9FE8-BCFC5AB7C666}.Release|x86.ActiveCfg = Release|Any CPU
		{C7A8535F-244E-4539-9FE8-BCFC5AB7C666}.Release|x86.Build.0 = Release|Any CPU
		{C3A6DC76-4A20-4BB3-948E-C347E78A7B66}.Debug|Any CPU.ActiveCfg = Debug|Any CPU
		{C3A6DC76-4A20-4BB3-948E-C347E78A7B66}.Debug|Any CPU.Build.0 = Debug|Any CPU
		{C3A6DC76-4A20-4BB3-948E-C347E78A7B66}.Debug|x64.ActiveCfg = Debug|Any CPU
		{C3A6DC76-4A20-4BB3-948E-C347E78A7B66}.Debug|x64.Build.0 = Debug|Any CPU
		{C3A6DC76-4A20-4BB3-948E-C347E78A7B66}.Debug|x86.ActiveCfg = Debug|Any CPU
		{C3A6DC76-4A20-4BB3-948E-C347E78A7B66}.Debug|x86.Build.0 = Debug|Any CPU
		{C3A6DC76-4A20-4BB3-948E-C347E78A7B66}.Release|Any CPU.ActiveCfg = Release|Any CPU
		{C3A6DC76-4A20-4BB3-948E-C347E78A7B66}.Release|Any CPU.Build.0 = Release|Any CPU
		{C3A6DC76-4A20-4BB3-948E-C347E78A7B66}.Release|x64.ActiveCfg = Release|Any CPU
		{C3A6DC76-4A20-4BB3-948E-C347E78A7B66}.Release|x64.Build.0 = Release|Any CPU
		{C3A6DC76-4A20-4BB3-948E-C347E78A7B66}.Release|x86.ActiveCfg = Release|Any CPU
		{C3A6DC76-4A20-4BB3-948E-C347E78A7B66}.Release|x86.Build.0 = Release|Any CPU
		{83B87090-17D0-4246-92BA-D91606B88E48}.Debug|Any CPU.ActiveCfg = Debug|Any CPU
		{83B87090-17D0-4246-92BA-D91606B88E48}.Debug|Any CPU.Build.0 = Debug|Any CPU
		{83B87090-17D0-4246-92BA-D91606B88E48}.Debug|x64.ActiveCfg = Debug|Any CPU
		{83B87090-17D0-4246-92BA-D91606B88E48}.Debug|x64.Build.0 = Debug|Any CPU
		{83B87090-17D0-4246-92BA-D91606B88E48}.Debug|x86.ActiveCfg = Debug|Any CPU
		{83B87090-17D0-4246-92BA-D91606B88E48}.Debug|x86.Build.0 = Debug|Any CPU
		{83B87090-17D0-4246-92BA-D91606B88E48}.Release|Any CPU.ActiveCfg = Release|Any CPU
		{83B87090-17D0-4246-92BA-D91606B88E48}.Release|Any CPU.Build.0 = Release|Any CPU
		{83B87090-17D0-4246-92BA-D91606B88E48}.Release|x64.ActiveCfg = Release|Any CPU
		{83B87090-17D0-4246-92BA-D91606B88E48}.Release|x64.Build.0 = Release|Any CPU
		{83B87090-17D0-4246-92BA-D91606B88E48}.Release|x86.ActiveCfg = Release|Any CPU
		{83B87090-17D0-4246-92BA-D91606B88E48}.Release|x86.Build.0 = Release|Any CPU
	EndGlobalSection
EndGlobal
